dependencies:
- name: kata-deploy
  repository: oci://ghcr.io/kata-containers/kata-deploy-charts
  version: 4.0.0
- name: peerpodctrl
  repository: file://../../../../peerpod-ctrl/chart
  version: 0.4.0
- name: peerpods-webhook
  repository: file://../../../../webhook/chart
  version: 0.4.0
- name: peerpods-webhook
  repository: file://../../../../webhook/chart
  version: 0.4.0
- name: peerpods-webhook
  repository: file://../../../../webhook/chart
  version: 0.4.0
digest: sha256:fdd6f9aec131406852da46161b42e14f43d054a06c9ebc66426c5e143c5a7764
generated: "2026-10-08T14:14:02.23859-04:00"
